
Microsoft Visual Studio Solution File, Format Version 12.00
# Visual Studio 15
Project("{FAE04EC0-301F-11D3-BF4B-00C04F79EFBC}") = "Oculus.Platform", "Oculus.Platform.csproj", "{00E52FC6-4368-DD01-2985-82B8FE345D2B}"
EndProject
Project("{FAE04EC0-301F-11D3-BF4B-00C04F79EFBC}") = "Assembly-CSharp", "Assembly-CSharp.csproj", "{EB9B7925-1027-54C5-CA24-16F4DB9BCC51}"
EndProject
Project("{FAE04EC0-301F-11D3-BF4B-00C04F79EFBC}") = "Oculus.Spatializer", "Oculus.Spatializer.csproj", "{1C241B49-33CA-4E69-B36B-67F1C66189DE}"
EndProject
Project("{FAE04EC0-301F-11D3-BF4B-00C04F79EFBC}") = "Oculus.Interaction", "Oculus.Interaction.csproj", "{A2652D9F-9201-67AD-EFAD-91988750C377}"
EndProject
Project("{FAE04EC0-301F-11D3-BF4B-00C04F79EFBC}") = "Meta.WitAi", "Meta.WitAi.csproj", "{D4F6E167-7BDE-7961-614C-B025EAAFF97D}"
EndProject
Project("{FAE04EC0-301F-11D3-BF4B-00C04F79EFBC}") = "Oculus.Interaction.OVR.Samples", "Oculus.Interaction.OVR.Samples.csproj", "{90AEF612-8D9E-B85E-C44D-AD1575901C10}"
EndProject
Project("{FAE04EC0-301F-11D3-BF4B-00C04F79EFBC}") = "Oculus.VR", "Oculus.VR.csproj", "{018209F8-D1F5-4ED4-6456-8541856BDDC2}"
EndProject
Project("{FAE04EC0-301F-11D3-BF4B-00C04F79EFBC}") = "VoiceSDK.Dictation.Runtime", "VoiceSDK.Dictation.Runtime.csproj", "{8DE8B9F8-A709-E00C-626E-F9E4AA61EF76}"
EndProject
Project("{FAE04EC0-301F-11D3-BF4B-00C04F79EFBC}") = "Meta.WitAi.TTS", "Meta.WitAi.TTS.csproj", "{D3E2C1EF-BCF5-6216-B542-61998698CB3A}"
EndProject
Project("{FAE04EC0-301F-11D3-BF4B-00C04F79EFBC}") = "Oculus.AudioManager", "Oculus.AudioManager.csproj", "{CD220A56-3A48-414F-464A-8D40209816D7}"
EndProject
Project("{FAE04EC0-301F-11D3-BF4B-00C04F79EFBC}") = "VoiceSDK.Runtime", "VoiceSDK.Runtime.csproj", "{072BD653-6C9A-A496-8EF2-D1725F363589}"
EndProject
Project("{FAE04EC0-301F-11D3-BF4B-00C04F79EFBC}") = "Facebook.Wit.Dictation", "Facebook.Wit.Dictation.csproj", "{CCE6AB6A-3C77-9472-CCD4-6563DB91293A}"
EndProject
Project("{FAE04EC0-301F-11D3-BF4B-00C04F79EFBC}") = "Meta.WitAi.TTS.Samples", "Meta.WitAi.TTS.Samples.csproj", "{B73F4B03-B758-CB9C-2C46-2E74AA3494FE}"
EndProject
Project("{FAE04EC0-301F-11D3-BF4B-00C04F79EFBC}") = "Oculus.Voice.Demo", "Oculus.Voice.Demo.csproj", "{856571C2-33EF-6B18-F49F-86F42719E88C}"
EndProject
Project("{FAE04EC0-301F-11D3-BF4B-00C04F79EFBC}") = "Meta.WitAi.Lib", "Meta.WitAi.Lib.csproj", "{5294B192-04DF-7897-D175-C452226285E2}"
EndProject
Project("{FAE04EC0-301F-11D3-BF4B-00C04F79EFBC}") = "Oculus.Interaction.OVR", "Oculus.Interaction.OVR.csproj", "{C310D723-E876-C18E-35E0-056C03D0990F}"
EndProject
Project("{FAE04EC0-301F-11D3-BF4B-00C04F79EFBC}") = "AssistantCoreSDKRuntime", "AssistantCoreSDKRuntime.csproj", "{60326495-6910-80AE-E227-87436689B7F8}"
EndProject
Project("{FAE04EC0-301F-11D3-BF4B-00C04F79EFBC}") = "Meta.WitAi.Conduit", "Meta.WitAi.Conduit.csproj", "{ED42E8C4-778F-9982-3F6B-082FF526BAA9}"
EndProject
Project("{FAE04EC0-301F-11D3-BF4B-00C04F79EFBC}") = "Oculus.LipSync", "Oculus.LipSync.csproj", "{6D5FC75B-00DD-80EE-3104-889286842C51}"
EndProject
Project("{FAE04EC0-301F-11D3-BF4B-00C04F79EFBC}") = "Meta.VoiceSDK.Mic.Other", "Meta.VoiceSDK.Mic.Other.csproj", "{0D3F327F-E02B-BDFD-19FD-12C42CBEBCA0}"
EndProject
Project("{FAE04EC0-301F-11D3-BF4B-00C04F79EFBC}") = "Meta.VoiceSDK.Mic.Common", "Meta.VoiceSDK.Mic.Common.csproj", "{F256EA03-D5F3-32CA-2795-F7C6E5CF2288}"
EndProject
Project("{FAE04EC0-301F-11D3-BF4B-00C04F79EFBC}") = "Meta.WitAi.Editor", "Meta.WitAi.Editor.csproj", "{0385F15E-BCB8-FA43-7898-AACC03B7F814}"
EndProject
Project("{FAE04EC0-301F-11D3-BF4B-00C04F79EFBC}") = "Meta.WitAi.Conduit.Editor", "Meta.WitAi.Conduit.Editor.csproj", "{552A303E-B2AA-89CA-692D-84BDE8E96C7E}"
EndProject
Project("{FAE04EC0-301F-11D3-BF4B-00C04F79EFBC}") = "Oculus.Interaction.Editor", "Oculus.Interaction.Editor.csproj", "{4382EEC4-F1E5-CA59-699E-0AACCFFD34D9}"
EndProject
Project("{FAE04EC0-301F-11D3-BF4B-00C04F79EFBC}") = "Meta.WitAI.Lib.Editor", "Meta.WitAI.Lib.Editor.csproj", "{2DA93993-47EE-BA78-9F78-1BF062A02BE0}"
EndProject
Project("{FAE04EC0-301F-11D3-BF4B-00C04F79EFBC}") = "Oculus.VR.Editor", "Oculus.VR.Editor.csproj", "{B73BB0C0-D8FA-C3B7-F7CC-CC4F9E0E0F81}"
EndProject
Project("{FAE04EC0-301F-11D3-BF4B-00C04F79EFBC}") = "Oculus.Interaction.OVR.Editor", "Oculus.Interaction.OVR.Editor.csproj", "{98D5D9E6-A660-7937-E2EC-0CE01E0C946C}"
EndProject
Project("{FAE04EC0-301F-11D3-BF4B-00C04F79EFBC}") = "Assembly-CSharp-Editor", "Assembly-CSharp-Editor.csproj", "{24319327-2FA2-1F31-4824-925D0E40CC59}"
EndProject
Project("{FAE04EC0-301F-11D3-BF4B-00C04F79EFBC}") = "Oculus.Interaction.Samples.Editor", "Oculus.Interaction.Samples.Editor.csproj", "{F6C14B46-876C-9F70-3145-C9892B933607}"
EndProject
Project("{FAE04EC0-301F-11D3-BF4B-00C04F79EFBC}") = "Oculus.VR.Scripts.Editor", "Oculus.VR.Scripts.Editor.csproj", "{41C63461-BBE5-CC78-3485-418DCE4D9172}"
EndProject
Project("{FAE04EC0-301F-11D3-BF4B-00C04F79EFBC}") = "VoiceSDK.Editor", "VoiceSDK.Editor.csproj", "{CB6AD5E8-6C07-C963-BE36-408DB4A376A1}"
EndProject
Project("{FAE04EC0-301F-11D3-BF4B-00C04F79EFBC}") = "Oculus.Spatializer.Editor", "Oculus.Spatializer.Editor.csproj", "{9BBE5B9B-F712-3140-96AA-8A0E887FAC74}"
EndProject
Project("{FAE04EC0-301F-11D3-BF4B-00C04F79EFBC}") = "Meta.WitAi.TTS.Editor", "Meta.WitAi.TTS.Editor.csproj", "{64FA84A4-1ED1-D1FF-17BA-3C3A05807A9C}"
EndProject
Project("{FAE04EC0-301F-11D3-BF4B-00C04F79EFBC}") = "Facebook.Wit.Dictation.Editor", "Facebook.Wit.Dictation.Editor.csproj", "{8B7B7CDE-AD42-5E8A-31F8-7656344CED2D}"
EndProject
Project("{FAE04EC0-301F-11D3-BF4B-00C04F79EFBC}") = "VoiceSDK.Dictation.Editor", "VoiceSDK.Dictation.Editor.csproj", "{E476CD7A-41DA-9A66-7902-04B51BB3691C}"
EndProject
Project("{FAE04EC0-301F-11D3-BF4B-00C04F79EFBC}") = "Oculus.Platform.Editor", "Oculus.Platform.Editor.csproj", "{081305BB-A336-ACF4-C00C-9048B51CA71F}"
EndProject
Project("{FAE04EC0-301F-11D3-BF4B-00C04F79EFBC}") = "Oculus.AudioManager.Audio.Editor", "Oculus.AudioManager.Audio.Editor.csproj", "{8D793932-24D4-C5CE-D936-6F3F84547566}"
EndProject
Project("{FAE04EC0-301F-11D3-BF4B-00C04F79EFBC}") = "Oculus.Interaction.InterfaceSupport", "Oculus.Interaction.InterfaceSupport.csproj", "{412C665D-B717-56EC-7BF3-3D6371A94625}"
EndProject
Project("{FAE04EC0-301F-11D3-BF4B-00C04F79EFBC}") = "Oculus.LipSync.Editor", "Oculus.LipSync.Editor.csproj", "{EF1A67D2-9656-1EAA-A2C8-95ED216651C3}"
EndProject
Project("{FAE04EC0-301F-11D3-BF4B-00C04F79EFBC}") = "AssistantCoreSDKEditor", "AssistantCoreSDKEditor.csproj", "{1A2656E3-6483-0374-B52D-E748287873F2}"
EndProject
Project("{FAE04EC0-301F-11D3-BF4B-00C04F79EFBC}") = "Oculus.AudioManager.Utils.Editor", "Oculus.AudioManager.Utils.Editor.csproj", "{D863C2B6-E1F3-5873-D3C3-43EFA38ABE43}"
EndProject
Global
	GlobalSection(SolutionConfigurationPlatforms) = preSolution
		Debug|Any CPU = Debug|Any CPU
		Release|Any CPU = Release|Any CPU
	EndGlobalSection
	GlobalSection(ProjectConfigurationPlatforms) = postSolution
		{00E52FC6-4368-DD01-2985-82B8FE345D2B}.Debug|Any CPU.ActiveCfg = Debug|Any CPU
		{00E52FC6-4368-DD01-2985-82B8FE345D2B}.Debug|Any CPU.Build.0 = Debug|Any CPU
		{00E52FC6-4368-DD01-2985-82B8FE345D2B}.Release|Any CPU.ActiveCfg = Release|Any CPU
		{00E52FC6-4368-DD01-2985-82B8FE345D2B}.Release|Any CPU.Build.0 = Release|Any CPU
		{EB9B7925-1027-54C5-CA24-16F4DB9BCC51}.Debug|Any CPU.ActiveCfg = Debug|Any CPU
		{EB9B7925-1027-54C5-CA24-16F4DB9BCC51}.Debug|Any CPU.Build.0 = Debug|Any CPU
		{EB9B7925-1027-54C5-CA24-16F4DB9BCC51}.Release|Any CPU.ActiveCfg = Release|Any CPU
		{EB9B7925-1027-54C5-CA24-16F4DB9BCC51}.Release|Any CPU.Build.0 = Release|Any CPU
		{1C241B49-33CA-4E69-B36B-67F1C66189DE}.Debug|Any CPU.ActiveCfg = Debug|Any CPU
		{1C241B49-33CA-4E69-B36B-67F1C66189DE}.Debug|Any CPU.Build.0 = Debug|Any CPU
		{1C241B49-33CA-4E69-B36B-67F1C66189DE}.Release|Any CPU.ActiveCfg = Release|Any CPU
		{1C241B49-33CA-4E69-B36B-67F1C66189DE}.Release|Any CPU.Build.0 = Release|Any CPU
		{A2652D9F-9201-67AD-EFAD-91988750C377}.Debug|Any CPU.ActiveCfg = Debug|Any CPU
		{A2652D9F-9201-67AD-EFAD-91988750C377}.Debug|Any CPU.Build.0 = Debug|Any CPU
		{A2652D9F-9201-67AD-EFAD-91988750C377}.Release|Any CPU.ActiveCfg = Release|Any CPU
		{A2652D9F-9201-67AD-EFAD-91988750C377}.Release|Any CPU.Build.0 = Release|Any CPU
		{D4F6E167-7BDE-7961-614C-B025EAAFF97D}.Debug|Any CPU.ActiveCfg = Debug|Any CPU
		{D4F6E167-7BDE-7961-614C-B025EAAFF97D}.Debug|Any CPU.Build.0 = Debug|Any CPU
		{D4F6E167-7BDE-7961-614C-B025EAAFF97D}.Release|Any CPU.ActiveCfg = Release|Any CPU
		{D4F6E167-7BDE-7961-614C-B025EAAFF97D}.Release|Any CPU.Build.0 = Release|Any CPU
		{90AEF612-8D9E-B85E-C44D-AD1575901C10}.Debug|Any CPU.ActiveCfg = Debug|Any CPU
		{90AEF612-8D9E-B85E-C44D-AD1575901C10}.Debug|Any CPU.Build.0 = Debug|Any CPU
		{90AEF612-8D9E-B85E-C44D-AD1575901C10}.Release|Any CPU.ActiveCfg = Release|Any CPU
		{90AEF612-8D9E-B85E-C44D-AD1575901C10}.Release|Any CPU.Build.0 = Release|Any CPU
		{018209F8-D1F5-4ED4-6456-8541856BDDC2}.Debug|Any CPU.ActiveCfg = Debug|Any CPU
		{018209F8-D1F5-4ED4-6456-8541856BDDC2}.Debug|Any CPU.Build.0 = Debug|Any CPU
		{018209F8-D1F5-4ED4-6456-8541856BDDC2}.Release|Any CPU.ActiveCfg = Release|Any CPU
		{018209F8-D1F5-4ED4-6456-8541856BDDC2}.Release|Any CPU.Build.0 = Release|Any CPU
		{8DE8B9F8-A709-E00C-626E-F9E4AA61EF76}.Debug|Any CPU.ActiveCfg = Debug|Any CPU
		{8DE8B9F8-A709-E00C-626E-F9E4AA61EF76}.Debug|Any CPU.Build.0 = Debug|Any CPU
		{8DE8B9F8-A709-E00C-626E-F9E4AA61EF76}.Release|Any CPU.ActiveCfg = Release|Any CPU
		{8DE8B9F8-A709-E00C-626E-F9E4AA61EF76}.Release|Any CPU.Build.0 = Release|Any CPU
		{D3E2C1EF-BCF5-6216-B542-61998698CB3A}.Debug|Any CPU.ActiveCfg = Debug|Any CPU
		{D3E2C1EF-BCF5-6216-B542-61998698CB3A}.Debug|Any CPU.Build.0 = Debug|Any CPU
		{D3E2C1EF-BCF5-6216-B542-61998698CB3A}.Release|Any CPU.ActiveCfg = Release|Any CPU
		{D3E2C1EF-BCF5-6216-B542-61998698CB3A}.Release|Any CPU.Build.0 = Release|Any CPU
		{CD220A56-3A48-414F-464A-8D40209816D7}.Debug|Any CPU.ActiveCfg = Debug|Any CPU
		{CD220A56-3A48-414F-464A-8D40209816D7}.Debug|Any CPU.Build.0 = Debug|Any CPU
		{CD220A56-3A48-414F-464A-8D40209816D7}.Release|Any CPU.ActiveCfg = Release|Any CPU
		{CD220A56-3A48-414F-464A-8D40209816D7}.Release|Any CPU.Build.0 = Release|Any CPU
		{072BD653-6C9A-A496-8EF2-D1725F363589}.Debug|Any CPU.ActiveCfg = Debug|Any CPU
		{072BD653-6C9A-A496-8EF2-D1725F363589}.Debug|Any CPU.Build.0 = Debug|Any CPU
		{072BD653-6C9A-A496-8EF2-D1725F363589}.Release|Any CPU.ActiveCfg = Release|Any CPU
		{072BD653-6C9A-A496-8EF2-D1725F363589}.Release|Any CPU.Build.0 = Release|Any CPU
		{CCE6AB6A-3C77-9472-CCD4-6563DB91293A}.Debug|Any CPU.ActiveCfg = Debug|Any CPU
		{CCE6AB6A-3C77-9472-CCD4-6563DB91293A}.Debug|Any CPU.Build.0 = Debug|Any CPU
		{CCE6AB6A-3C77-9472-CCD4-6563DB91293A}.Release|Any CPU.ActiveCfg = Release|Any CPU
		{CCE6AB6A-3C77-9472-CCD4-6563DB91293A}.Release|Any CPU.Build.0 = Release|Any CPU
		{B73F4B03-B758-CB9C-2C46-2E74AA3494FE}.Debug|Any CPU.ActiveCfg = Debug|Any CPU
		{B73F4B03-B758-CB9C-2C46-2E74AA3494FE}.Debug|Any CPU.Build.0 = Debug|Any CPU
		{B73F4B03-B758-CB9C-2C46-2E74AA3494FE}.Release|Any CPU.ActiveCfg = Release|Any CPU
		{B73F4B03-B758-CB9C-2C46-2E74AA3494FE}.Release|Any CPU.Build.0 = Release|Any CPU
		{856571C2-33EF-6B18-F49F-86F42719E88C}.Debug|Any CPU.ActiveCfg = Debug|Any CPU
		{856571C2-33EF-6B18-F49F-86F42719E88C}.Debug|Any CPU.Build.0 = Debug|Any CPU
		{856571C2-33EF-6B18-F49F-86F42719E88C}.Release|Any CPU.ActiveCfg = Release|Any CPU
		{856571C2-33EF-6B18-F49F-86F42719E88C}.Release|Any CPU.Build.0 = Release|Any CPU
		{5294B192-04DF-7897-D175-C452226285E2}.Debug|Any CPU.ActiveCfg = Debug|Any CPU
		{5294B192-04DF-7897-D175-C452226285E2}.Debug|Any CPU.Build.0 = Debug|Any CPU
		{5294B192-04DF-7897-D175-C452226285E2}.Release|Any CPU.ActiveCfg = Release|Any CPU
		{5294B192-04DF-7897-D175-C452226285E2}.Release|Any CPU.Build.0 = Release|Any CPU
		{C310D723-E876-C18E-35E0-056C03D0990F}.Debug|Any CPU.ActiveCfg = Debug|Any CPU
		{C310D723-E876-C18E-35E0-056C03D0990F}.Debug|Any CPU.Build.0 = Debug|Any CPU
		{C310D723-E876-C18E-35E0-056C03D0990F}.Release|Any CPU.ActiveCfg = Release|Any CPU
		{C310D723-E876-C18E-35E0-056C03D0990F}.Release|Any CPU.Build.0 = Release|Any CPU
		{60326495-6910-80AE-E227-87436689B7F8}.Debug|Any CPU.ActiveCfg = Debug|Any CPU
		{60326495-6910-80AE-E227-87436689B7F8}.Debug|Any CPU.Build.0 = Debug|Any CPU
		{60326495-6910-80AE-E227-87436689B7F8}.Release|Any CPU.ActiveCfg = Release|Any CPU
		{60326495-6910-80AE-E227-87436689B7F8}.Release|Any CPU.Build.0 = Release|Any CPU
		{ED42E8C4-778F-9982-3F6B-082FF526BAA9}.Debug|Any CPU.ActiveCfg = Debug|Any CPU
		{ED42E8C4-778F-9982-3F6B-082FF526BAA9}.Debug|Any CPU.Build.0 = Debug|Any CPU
		{ED42E8C4-778F-9982-3F6B-082FF526BAA9}.Release|Any CPU.ActiveCfg = Release|Any CPU
		{ED42E8C4-778F-9982-3F6B-082FF526BAA9}.Release|Any CPU.Build.0 = Release|Any CPU
		{6D5FC75B-00DD-80EE-3104-889286842C51}.Debug|Any CPU.ActiveCfg = Debug|Any CPU
		{6D5FC75B-00DD-80EE-3104-889286842C51}.Debug|Any CPU.Build.0 = Debug|Any CPU
		{6D5FC75B-00DD-80EE-3104-889286842C51}.Release|Any CPU.ActiveCfg = Release|Any CPU
		{6D5FC75B-00DD-80EE-3104-889286842C51}.Release|Any CPU.Build.0 = Release|Any CPU
		{0D3F327F-E02B-BDFD-19FD-12C42CBEBCA0}.Debug|Any CPU.ActiveCfg = Debug|Any CPU
		{0D3F327F-E02B-BDFD-19FD-12C42CBEBCA0}.Debug|Any CPU.Build.0 = Debug|Any CPU
		{0D3F327F-E02B-BDFD-19FD-12C42CBEBCA0}.Release|Any CPU.ActiveCfg = Release|Any CPU
		{0D3F327F-E02B-BDFD-19FD-12C42CBEBCA0}.Release|Any CPU.Build.0 = Release|Any CPU
		{F256EA03-D5F3-32CA-2795-F7C6E5CF2288}.Debug|Any CPU.ActiveCfg = Debug|Any CPU
		{F256EA03-D5F3-32CA-2795-F7C6E5CF2288}.Debug|Any CPU.Build.0 = Debug|Any CPU
		{F256EA03-D5F3-32CA-2795-F7C6E5CF2288}.Release|Any CPU.ActiveCfg = Release|Any CPU
		{F256EA03-D5F3-32CA-2795-F7C6E5CF2288}.Release|Any CPU.Build.0 = Release|Any CPU
		{0385F15E-BCB8-FA43-7898-AACC03B7F814}.Debug|Any CPU.ActiveCfg = Debug|Any CPU
		{0385F15E-BCB8-FA43-7898-AACC03B7F814}.Debug|Any CPU.Build.0 = Debug|Any CPU
		{0385F15E-BCB8-FA43-7898-AACC03B7F814}.Release|Any CPU.ActiveCfg = Release|Any CPU
		{0385F15E-BCB8-FA43-7898-AACC03B7F814}.Release|Any CPU.Build.0 = Release|Any CPU
		{552A303E-B2AA-89CA-692D-84BDE8E96C7E}.Debug|Any CPU.ActiveCfg = Debug|Any CPU
		{552A303E-B2AA-89CA-692D-84BDE8E96C7E}.Debug|Any CPU.Build.0 = Debug|Any CPU
		{552A303E-B2AA-89CA-692D-84BDE8E96C7E}.Release|Any CPU.ActiveCfg = Release|Any CPU
		{552A303E-B2AA-89CA-692D-84BDE8E96C7E}.Release|Any CPU.Build.0 = Release|Any CPU
		{4382EEC4-F1E5-CA59-699E-0AACCFFD34D9}.Debug|Any CPU.ActiveCfg = Debug|Any CPU
		{4382EEC4-F1E5-CA59-699E-0AACCFFD34D9}.Debug|Any CPU.Build.0 = Debug|Any CPU
		{4382EEC4-F1E5-CA59-699E-0AACCFFD34D9}.Release|Any CPU.ActiveCfg = Release|Any CPU
		{4382EEC4-F1E5-CA59-699E-0AACCFFD34D9}.Release|Any CPU.Build.0 = Release|Any CPU
		{2DA93993-47EE-BA78-9F78-1BF062A02BE0}.Debug|Any CPU.ActiveCfg = Debug|Any CPU
		{2DA93993-47EE-BA78-9F78-1BF062A02BE0}.Debug|Any CPU.Build.0 = Debug|Any CPU
		{2DA93993-47EE-BA78-9F78-1BF062A02BE0}.Release|Any CPU.ActiveCfg = Release|Any CPU
		{2DA93993-47EE-BA78-9F78-1BF062A02BE0}.Release|Any CPU.Build.0 = Release|Any CPU
		{B73BB0C0-D8FA-C3B7-F7CC-CC4F9E0E0F81}.Debug|Any CPU.ActiveCfg = Debug|Any CPU
		{B73BB0C0-D8FA-C3B7-F7CC-CC4F9E0E0F81}.Debug|Any CPU.Build.0 = Debug|Any CPU
		{B73BB0C0-D8FA-C3B7-F7CC-CC4F9E0E0F81}.Release|Any CPU.ActiveCfg = Release|Any CPU
		{B73BB0C0-D8FA-C3B7-F7CC-CC4F9E0E0F81}.Release|Any CPU.Build.0 = Release|Any CPU
		{98D5D9E6-A660-7937-E2EC-0CE01E0C946C}.Debug|Any CPU.ActiveCfg = Debug|Any CPU
		{98D5D9E6-A660-7937-E2EC-0CE01E0C946C}.Debug|Any CPU.Build.0 = Debug|Any CPU
		{98D5D9E6-A660-7937-E2EC-0CE01E0C946C}.Release|Any CPU.ActiveCfg = Release|Any CPU
		{98D5D9E6-A660-7937-E2EC-0CE01E0C946C}.Release|Any CPU.Build.0 = Release|Any CPU
		{24319327-2FA2-1F31-4824-925D0E40CC59}.Debug|Any CPU.ActiveCfg = Debug|Any CPU
		{24319327-2FA2-1F31-4824-925D0E40CC59}.Debug|Any CPU.Build.0 = Debug|Any CPU
		{24319327-2FA2-1F31-4824-925D0E40CC59}.Release|Any CPU.ActiveCfg = Release|Any CPU
		{24319327-2FA2-1F31-4824-925D0E40CC59}.Release|Any CPU.Build.0 = Release|Any CPU
		{F6C14B46-876C-9F70-3145-C9892B933607}.Debug|Any CPU.ActiveCfg = Debug|Any CPU
		{F6C14B46-876C-9F70-3145-C9892B933607}.Debug|Any CPU.Build.0 = Debug|Any CPU
		{F6C14B46-876C-9F70-3145-C9892B933607}.Release|Any CPU.ActiveCfg = Release|Any CPU
		{F6C14B46-876C-9F70-3145-C9892B933607}.Release|Any CPU.Build.0 = Release|Any CPU
		{41C63461-BBE5-CC78-3485-418DCE4D9172}.Debug|Any CPU.ActiveCfg = Debug|Any CPU
		{41C63461-BBE5-CC78-3485-418DCE4D9172}.Debug|Any CPU.Build.0 = Debug|Any CPU
		{41C63461-BBE5-CC78-3485-418DCE4D9172}.Release|Any CPU.ActiveCfg = Release|Any CPU
		{41C63461-BBE5-CC78-3485-418DCE4D9172}.Release|Any CPU.Build.0 = Release|Any CPU
		{CB6AD5E8-6C07-C963-BE36-408DB4A376A1}.Debug|Any CPU.ActiveCfg = Debug|Any CPU
		{CB6AD5E8-6C07-C963-BE36-408DB4A376A1}.Debug|Any CPU.Build.0 = Debug|Any CPU
		{CB6AD5E8-6C07-C963-BE36-408DB4A376A1}.Release|Any CPU.ActiveCfg = Release|Any CPU
		{CB6AD5E8-6C07-C963-BE36-408DB4A376A1}.Release|Any CPU.Build.0 = Release|Any CPU
		{9BBE5B9B-F712-3140-96AA-8A0E887FAC74}.Debug|Any CPU.ActiveCfg = Debug|Any CPU
		{9BBE5B9B-F712-3140-96AA-8A0E887FAC74}.Debug|Any CPU.Build.0 = Debug|Any CPU
		{9BBE5B9B-F712-3140-96AA-8A0E887FAC74}.Release|Any CPU.ActiveCfg = Release|Any CPU
		{9BBE5B9B-F712-3140-96AA-8A0E887FAC74}.Release|Any CPU.Build.0 = Release|Any CPU
		{64FA84A4-1ED1-D1FF-17BA-3C3A05807A9C}.Debug|Any CPU.ActiveCfg = Debug|Any CPU
		{64FA84A4-1ED1-D1FF-17BA-3C3A05807A9C}.Debug|Any CPU.Build.0 = Debug|Any CPU
		{64FA84A4-1ED1-D1FF-17BA-3C3A05807A9C}.Release|Any CPU.ActiveCfg = Release|Any CPU
		{64FA84A4-1ED1-D1FF-17BA-3C3A05807A9C}.Release|Any CPU.Build.0 = Release|Any CPU
		{8B7B7CDE-AD42-5E8A-31F8-7656344CED2D}.Debug|Any CPU.ActiveCfg = Debug|Any CPU
		{8B7B7CDE-AD42-5E8A-31F8-7656344CED2D}.Debug|Any CPU.Build.0 = Debug|Any CPU
		{8B7B7CDE-AD42-5E8A-31F8-7656344CED2D}.Release|Any CPU.ActiveCfg = Release|Any CPU
		{8B7B7CDE-AD42-5E8A-31F8-7656344CED2D}.Release|Any CPU.Build.0 = Release|Any CPU
		{E476CD7A-41DA-9A66-7902-04B51BB3691C}.Debug|Any CPU.ActiveCfg = Debug|Any CPU
		{E476CD7A-41DA-9A66-7902-04B51BB3691C}.Debug|Any CPU.Build.0 = Debug|Any CPU
		{E476CD7A-41DA-9A66-7902-04B51BB3691C}.Release|Any CPU.ActiveCfg = Release|Any CPU
		{E476CD7A-41DA-9A66-7902-04B51BB3691C}.Release|Any CPU.Build.0 = Release|Any CPU
		{081305BB-A336-ACF4-C00C-9048B51CA71F}.Debug|Any CPU.ActiveCfg = Debug|Any CPU
		{081305BB-A336-ACF4-C00C-9048B51CA71F}.Debug|Any CPU.Build.0 = Debug|Any CPU
		{081305BB-A336-ACF4-C00C-9048B51CA71F}.Release|Any CPU.ActiveCfg = Release|Any CPU
		{081305BB-A336-ACF4-C00C-9048B51CA71F}.Release|Any CPU.Build.0 = Release|Any CPU
		{8D793932-24D4-C5CE-D936-6F3F84547566}.Debug|Any CPU.ActiveCfg = Debug|Any CPU
		{8D793932-24D4-C5CE-D936-6F3F84547566}.Debug|Any CPU.Build.0 = Debug|Any CPU
		{8D793932-24D4-C5CE-D936-6F3F84547566}.Release|Any CPU.ActiveCfg = Release|Any CPU
		{8D793932-24D4-C5CE-D936-6F3F84547566}.Release|Any CPU.Build.0 = Release|Any CPU
		{412C665D-B717-56EC-7BF3-3D6371A94625}.Debug|Any CPU.ActiveCfg = Debug|Any CPU
		{412C665D-B717-56EC-7BF3-3D6371A94625}.Debug|Any CPU.Build.0 = Debug|Any CPU
		{412C665D-B717-56EC-7BF3-3D6371A94625}.Release|Any CPU.ActiveCfg = Release|Any CPU
		{412C665D-B717-56EC-7BF3-3D6371A94625}.Release|Any CPU.Build.0 = Release|Any CPU
		{EF1A67D2-9656-1EAA-A2C8-95ED216651C3}.Debug|Any CPU.ActiveCfg = Debug|Any CPU
		{EF1A67D2-9656-1EAA-A2C8-95ED216651C3}.Debug|Any CPU.Build.0 = Debug|Any CPU
		{EF1A67D2-9656-1EAA-A2C8-95ED216651C3}.Release|Any CPU.ActiveCfg = Release|Any CPU
		{EF1A67D2-9656-1EAA-A2C8-95ED216651C3}.Release|Any CPU.Build.0 = Release|Any CPU
		{1A2656E3-6483-0374-B52D-E748287873F2}.Debug|Any CPU.ActiveCfg = Debug|Any CPU
		{1A2656E3-6483-0374-B52D-E748287873F2}.Debug|Any CPU.Build.0 = Debug|Any CPU
		{1A2656E3-6483-0374-B52D-E748287873F2}.Release|Any CPU.ActiveCfg = Release|Any CPU
		{1A2656E3-6483-0374-B52D-E748287873F2}.Release|Any CPU.Build.0 = Release|Any CPU
		{D863C2B6-E1F3-5873-D3C3-43EFA38ABE43}.Debug|Any CPU.ActiveCfg = Debug|Any CPU
		{D863C2B6-E1F3-5873-D3C3-43EFA38ABE43}.Debug|Any CPU.Build.0 = Debug|Any CPU
		{D863C2B6-E1F3-5873-D3C3-43EFA38ABE43}.Release|Any CPU.ActiveCfg = Release|Any CPU
		{D863C2B6-E1F3-5873-D3C3-43EFA38ABE43}.Release|Any CPU.Build.0 = Release|Any CPU
	EndGlobalSection
	GlobalSection(SolutionProperties) = preSolution
		HideSolutionNode = FALSE
	EndGlobalSection
EndGlobal
